{
  "version": 4,
  "terraform_version": "1.9.6",
  "serial": 45,
  "lineage": "834f742b-9468-556c-f6bf-d18a266d5413",
  "outputs": {},
  "resources": [
    {
      "mode": "managed",
      "type": "docker_image",
      "name": "nginx",
      "provider": "provider[\"registry.terraform.io/kreuzwerker/docker\"]",
      "instances": [
        {
          "schema_version": 0,
          "attributes": {
            "build": [],
            "force_remove": null,
            "id": "sha256:9527c0f683c3b2f0465019f9f5456f01a0fc0d4d274466831b9910a21d0302cdnginx:latest",
            "image_id": "sha256:9527c0f683c3b2f0465019f9f5456f01a0fc0d4d274466831b9910a21d0302cd",
            "keep_locally": false,
            "name": "nginx:latest",
            "platform": null,
            "pull_triggers": null,
            "repo_digest": "nginx@sha256:b5d3f3e104699f0768e5ca8626914c16e52647943c65274d8a9e63072bd015bb",
            "triggers": null
          },
          "sensitive_attributes": [],
          "private": "bnVsbA=="
        }
      ]
    },
    {
      "mode": "managed",
      "type": "docker_network",
      "name": "swarm_network",
      "provider": "provider[\"registry.terraform.io/kreuzwerker/docker\"]",
      "instances": [
        {
          "schema_version": 1,
          "attributes": {
            "attachable": true,
            "check_duplicate": null,
            "driver": "overlay",
            "id": "ju3p4bddxke3wmwg2l6j8e302",
            "ingress": false,
            "internal": false,
            "ipam_config": [
              {
                "aux_address": {},
                "gateway": "10.0.1.1",
                "ip_range": "",
                "subnet": "10.0.1.0/24"
              }
            ],
            "ipam_driver": "default",
            "ipam_options": {},
            "ipv6": false,
            "labels": [],
            "name": "swarm_network",
            "options": {
              "com.docker.network.driver.overlay.vxlanid_list": "4097"
            },
            "scope": "swarm"
          },
          "sensitive_attributes": [],
          "private": "eyJzY2hlbWFfdmVyc2lvbiI6IjEifQ==",
          "dependencies": [
            "null_resource.init_swarm"
          ]
        }
      ]
    },
    {
      "mode": "managed",
      "type": "null_resource",
      "name": "init_swarm",
      "provider": "provider[\"registry.terraform.io/hashicorp/null\"]",
      "instances": [
        {
          "schema_version": 0,
          "attributes": {
            "id": "7220785670440792701",
            "triggers": {
              "swarm_initialized": "2024-09-30T07:14:38Z"
            }
          },
          "sensitive_attributes": []
        }
      ]
    }
  ],
  "check_results": null
}
